id: "yCADxkfHFD77AdcY"
name: "Шерлок"
rarity: blue
category: "УТИЛИТА"
tags:
  - разум
description: "Вы можете бонусным действием внимательно осмотреть одно существо. Мастер обязан правдиво ответить на один из ваших вопросов касательно этой цели: её уязвимости и сопротивления, примерное количество текущих очков здоровья (HP) или ближайшие поведенческие намерения."
activation: "bonus"
uses: 3
recovery: "floor"
