id: yCADxkfHFD77AdcY
name: Шерлок
rarity: blue
tags:
  - разум
description: Бонусным действием внимательно осмотрите одно существо. Мастер правдиво отвечает на один ваш вопрос о нём — уязвимости и сопротивления, примерное количество текущих ПЗ или ближайшие намерения.
activation: bonus
uses: 3
recovery: long
ranks:
  - text: 4 заряда.
    uses: 4
  - text: 5 зарядов.
    uses: 5
